// !$*UTF8*$!
{
	archiveVersion = 1;
	classes = {
	};
	objectVersion = 50;
	objects = {

/* Begin PBXBuildFile section */
		A2AE1273263B262F000315B4 /* TogglAppApp.swift in Sources */ = {isa = PBXBuildFile; fileRef = A2AE1272263B262F000315B4 /* TogglAppApp.swift */; };
		A2AE1275263B262F000315B4 /* ContentView.swift in Sources */ = {isa = PBXBuildFile; fileRef = A2AE1274263B262F000315B4 /* ContentView.swift */; };
		A2AE1277263B2631000315B4 /* Assets.xcassets in Resources */ = {isa = PBXBuildFile; fileRef = A2AE1276263B2631000315B4 /* Assets.xcassets */; };
		A2AE127A263B2631000315B4 /* Preview Assets.xcassets in Resources */ = {isa = PBXBuildFile; fileRef = A2AE1279263B2631000315B4 /* Preview Assets.xcassets */; };
		A2AE127C263B2631000315B4 /* Persistence.swift in Sources */ = {isa = PBXBuildFile; fileRef = A2AE127B263B2631000315B4 /* Persistence.swift */; };
		A2AE127F263B2631000315B4 /* TogglApp.xcdatamodeld in Sources */ = {isa = PBXBuildFile; fileRef = A2AE127D263B2631000315B4 /* TogglApp.xcdatamodeld */; };
/* End PBXBuildFile section */

/* Begin PBXFileReference section */
		A2AE126F263B262F000315B4 /* TogglApp.app */ = {isa = PBXFileReference; explicitFileType = wrapper.application; includeInIndex = 0; path = TogglApp.app; sourceTree = BUILT_PRODUCTS_DIR; };
		A2AE1272263B262F000315B4 /* TogglAppApp.swift */ = {isa = PBXFileReference; lastKnownFileType = sourcecode.swift; path = TogglAppApp.swift; sourceTree = "<group>"; };
		A2AE1274263B262F000315B4 /* ContentView.swift */ = {isa = PBXFileReference; lastKnownFileType = sourcecode.swift; path = ContentView.swift; sourceTree = "<group>"; };
		A2AE1276263B2631000315B4 /* Assets.xcassets */ = {isa = PBXFileReference; lastKnownFileType = folder.assetcatalog; path = Assets.xcassets; sourceTree = "<group>"; };
		A2AE1279263B2631000315B4 /* Preview Assets.xcassets */ = {isa = PBXFileReference; lastKnownFileType = folder.assetcatalog; path = "Preview Assets.xcassets"; sourceTree = "<group>"; };
		A2AE127B263B2631000315B4 /* Persistence.swift */ = {isa = PBXFileReference; lastKnownFileType = sourcecode.swift; path = Persistence.swift; sourceTree = "<group>"; };
		A2AE127E263B2631000315B4 /* TogglApp.xcdatamodel */ = {isa = PBXFileReference; lastKnownFileType = wrapper.xcdatamodel; path = TogglApp.xcdatamodel; sourceTree = "<group>"; };
		A2AE1280263B2631000315B4 /* Info.plist */ = {isa = PBXFileReference; lastKnownFileType = text.plist.xml; path = Info.plist; sourceTree = "<group>"; };
		A2AE1281263B2631000315B4 /* TogglApp.entitlements */ = {isa = PBXFileReference; lastKnownFileType = text.plist.entitlements; path = TogglApp.entitlements; sourceTree = "<group>"; };
/* End PBXFileReference section */

/* Begin PBXFrameworksBuildPhase section */
		A2AE126C263B262F000315B4 /* Frameworks */ = {
			isa = PBXFrameworksBuildPhase;
			buildActionMask = 2147483647;
			files = (
			);
			runOnlyForDeploymentPostprocessing = 0;
		};
/* End PBXFrameworksBuildPhase section */

/* Begin PBXGroup section */
		A2AE1266263B262F000315B4 = {
			isa = PBXGroup;
			children = (
				A2AE1271263B262F000315B4 /* TogglApp */,
				A2AE1270263B262F000315B4 /* Products */,
			);
			sourceTree = "<group>";
		};
		A2AE1270263B262F000315B4 /* Products */ = {
			isa = PBXGroup;
			children = (
				A2AE126F263B262F000315B4 /* TogglApp.app */,
			);
			name = Products;
			sourceTree = "<group>";
		};
		A2AE1271263B262F000315B4 /* TogglApp */ = {
			isa = PBXGroup;
			children = (
				A2AE1272263B262F000315B4 /* TogglAppApp.swift */,
				A2AE1274263B262F000315B4 /* ContentView.swift */,
				A2AE1276263B2631000315B4 /* Assets.xcassets */,
				A2AE127B263B2631000315B4 /* Persistence.swift */,
				A2AE1280263B2631000315B4 /* Info.plist */,
				A2AE1281263B2631000315B4 /* TogglApp.entitlements */,
				A2AE127D263B2631000315B4 /* TogglApp.xcdatamodeld */,
				A2AE1278263B2631000315B4 /* Preview Content */,
			);
			path = TogglApp;
			sourceTree = "<group>";
		};
		A2AE1278263B2631000315B4 /* Preview Content */ = {
			isa = PBXGroup;
			children = (
				A2AE1279263B2631000315B4 /* Preview Assets.xcassets */,
			);
			path = "Preview Content";
			sourceTree = "<group>";
		};
/* End PBXGroup section */

/* Begin PBXNativeTarget section */
		A2AE126E263B262F000315B4 /* TogglApp */ = {
			isa = PBXNativeTarget;
			buildConfigurationList = A2AE1284263B2631000315B4 /* Build configuration list for PBXNativeTarget "TogglApp" */;
			buildPhases = (
				A2AE126B263B262F000315B4 /* Sources */,
				A2AE126C263B262F000315B4 /* Frameworks */,
				A2AE126D263B262F000315B4 /* Resources */,
			);
			buildRules = (
			);
			dependencies = (
			);
			name = TogglApp;
			productName = TogglApp;
			productReference = A2AE126F263B262F000315B4 /* TogglApp.app */;
			productType = "com.apple.product-type.application";
		};
/* End PBXNativeTarget section */

/* Begin PBXProject section */
		A2AE1267263B262F000315B4 /* Project object */ = {
			isa = PBXProject;
			attributes = {
				LastSwiftUpdateCheck = 1250;
				LastUpgradeCheck = 1250;
				TargetAttributes = {
					A2AE126E263B262F000315B4 = {
						CreatedOnToolsVersion = 12.5;
					};
				};
			};
			buildConfigurationList = A2AE126A263B262F000315B4 /* Build configuration list for PBXProject "TogglApp" */;
			compatibilityVersion = "Xcode 9.3";
			developmentRegion = en;
			hasScannedForEncodings = 0;
			knownRegions = (
				en,
				Base,
			);
			mainGroup = A2AE1266263B262F000315B4;
			productRefGroup = A2AE1270263B262F000315B4 /* Products */;
			projectDirPath = "";
			projectRoot = "";
			targets = (
				A2AE126E263B262F000315B4 /* TogglApp */,
			);
		};
/* End PBXProject section */

/* Begin PBXResourcesBuildPhase section */
		A2AE126D263B262F000315B4 /* Resources */ = {
			isa = PBXResourcesBuildPhase;
			buildActionMask = 2147483647;
			files = (
				A2AE127A263B2631000315B4 /* Preview Assets.xcassets in Resources */,
				A2AE1277263B2631000315B4 /* Assets.xcassets in Resources */,
			);
			runOnlyForDeploymentPostprocessing = 0;
		};
/* End PBXResourcesBuildPhase section */

/* Begin PBXSourcesBuildPhase section */
		A2AE126B263B262F000315B4 /* Sources */ = {
			isa = PBXSourcesBuildPhase;
			buildActionMask = 2147483647;
			files = (
				A2AE127C263B2631000315B4 /* Persistence.swift in Sources */,
				A2AE1275263B262F000315B4 /* ContentView.swift in Sources */,
				A2AE1273263B262F000315B4 /* TogglAppApp.swift in Sources */,
				A2AE127F263B2631000315B4 /* TogglApp.xcdatamodeld in Sources */,
			);
			runOnlyForDeploymentPostprocessing = 0;
		};
/* End PBXSourcesBuildPhase section */

/* Begin XCBuildConfiguration section */
		A2AE1282263B2631000315B4 /* Debug */ = {
			isa = XCBuildConfiguration;
			buildSettings = {
				ALWAYS_SEARCH_USER_PATHS = NO;
				CLANG_ANALYZER_NONNULL = YES;
				CLANG_ANALYZER_NUMBER_OBJECT_CONVERSION = YES_AGGRESSIVE;
				CLANG_CXX_LANGUAGE_STANDARD = "gnu++14";
				CLANG_CXX_LIBRARY = "libc++";
				CLANG_ENABLE_MODULES = YES;
				CLANG_ENABLE_OBJC_ARC = YES;
				CLANG_ENABLE_OBJC_WEAK = YES;
				CLANG_WARN_BLOCK_CAPTURE_AUTORELEASING = YES;
				CLANG_WARN_BOOL_CONVERSION = YES;
				CLANG_WARN_COMMA = YES;
				CLANG_WARN_CONSTANT_CONVERSION = YES;
				CLANG_WARN_DEPRECATED_OBJC_IMPLEMENTATIONS = YES;
				CLANG_WARN_DIRECT_OBJC_ISA_USAGE = YES_ERROR;
				CLANG_WARN_DOCUMENTATION_COMMENTS = YES;
				CLANG_WARN_EMPTY_BODY = YES;
				CLANG_WARN_ENUM_CONVERSION = YES;
				CLANG_WARN_INFINITE_RECURSION = YES;
				CLANG_WARN_INT_CONVERSION = YES;
				CLANG_WARN_NON_LITERAL_NULL_CONVERSION = YES;
				CLANG_WARN_OBJC_IMPLICIT_RETAIN_SELF = YES;
				CLANG_WARN_OBJC_LITERAL_CONVERSION = YES;
				CLANG_WARN_OBJC_ROOT_CLASS = YES_ERROR;
				CLANG_WARN_QUOTED_INCLUDE_IN_FRAMEWORK_HEADER = YES;
				CLANG_WARN_RANGE_LOOP_ANALYSIS = YES;
				CLANG_WARN_STRICT_PROTOTYPES = YES;
				CLANG_WARN_SUSPICIOUS_MOVE = YES;
				CLANG_WARN_UNGUARDED_AVAILABILITY = YES_AGGRESSIVE;
				CLANG_WARN_UNREACHABLE_CODE = YES;
				CLANG_WARN__DUPLICATE_METHOD_MATCH = YES;
				COPY_PHASE_STRIP = NO;
				DEBUG_INFORMATION_FORMAT = dwarf;
				ENABLE_STRICT_OBJC_MSGSEND = YES;
				ENABLE_TESTABILITY = YES;
				GCC_C_LANGUAGE_STANDARD = gnu11;
				GCC_DYNAMIC_NO_PIC = NO;
				GCC_NO_COMMON_BLOCKS = YES;
				GCC_OPTIMIZATION_LEVEL = 0;
				GCC_PREPROCESSOR_DEFINITIONS = (
					"DEBUG=1",
					"$(inherited)",
				);
				GCC_WARN_64_TO_32_BIT_CONVERSION = YES;
				GCC_WARN_ABOUT_RETURN_TYPE = YES_ERROR;
				GCC_WARN_UNDECLARED_SELECTOR = YES;
				GCC_WARN_UNINITIALIZED_AUTOS = YES_AGGRESSIVE;
				GCC_WARN_UNUSED_FUNCTION = YES;
				GCC_WARN_UNUSED_VARIABLE = YES;
				MACOSX_DEPLOYMENT_TARGET = 11.3;
				MTL_ENABLE_DEBUG_INFO = INCLUDE_SOURCE;
				MTL_FAST_MATH = YES;
				ONLY_ACTIVE_ARCH = YES;
				SDKROOT = macosx;
				SWIFT_ACTIVE_COMPILATION_CONDITIONS = DEBUG;
				SWIFT_OPTIMIZATION_LEVEL = "-Onone";
			};
			name = Debug;
		};
		A2AE1283263B2631000315B4 /* Release */ = {
			isa = XCBuildConfiguration;
			buildSettings = {
				ALWAYS_SEARCH_USER_PATHS = NO;
				CLANG_ANALYZER_NONNULL = YES;
				CLANG_ANALYZER_NUMBER_OBJECT_CONVERSION = YES_AGGRESSIVE;
				CLANG_CXX_LANGUAGE_STANDARD = "gnu++14";
				CLANG_CXX_LIBRARY = "libc++";
				CLANG_ENABLE_MODULES = YES;
				CLANG_ENABLE_OBJC_ARC = YES;
				CLANG_ENABLE_OBJC_WEAK = YES;
				CLANG_WARN_BLOCK_CAPTURE_AUTORELEASING = YES;
				CLANG_WARN_BOOL_CONVERSION = YES;
				CLANG_WARN_COMMA = YES;
				CLANG_WARN_CONSTANT_CONVERSION = YES;
				CLANG_WARN_DEPRECATED_OBJC_IMPLEMENTATIONS = YES;
				CLANG_WARN_DIRECT_OBJC_ISA_USAGE = YES_ERROR;
				CLANG_WARN_DOCUMENTATION_COMMENTS = YES;
				CLANG_WARN_EMPTY_BODY = YES;
				CLANG_WARN_ENUM_CONVERSION = YES;
				CLANG_WARN_INFINITE_RECURSION = YES;
				CLANG_WARN_INT_CONVERSION = YES;
				CLANG_WARN_NON_LITERAL_NULL_CONVERSION = YES;
				CLANG_WARN_OBJC_IMPLICIT_RETAIN_SELF = YES;
				CLANG_WARN_OBJC_LITERAL_CONVERSION = YES;
				CLANG_WARN_OBJC_ROOT_CLASS = YES_ERROR;
				CLANG_WARN_QUOTED_INCLUDE_IN_FRAMEWORK_HEADER = YES;
				CLANG_WARN_RANGE_LOOP_ANALYSIS = YES;
				CLANG_WARN_STRICT_PROTOTYPES = YES;
				CLANG_WARN_SUSPICIOUS_MOVE = YES;
				CLANG_WARN_UNGUARDED_AVAILABILITY = YES_AGGRESSIVE;
				CLANG_WARN_UNREACHABLE_CODE = YES;
				CLANG_WARN__DUPLICATE_METHOD_MATCH = YES;
				COPY_PHASE_STRIP = NO;
				DEBUG_INFORMATION_FORMAT = "dwarf-with-dsym";
				ENABLE_NS_ASSERTIONS = NO;
				ENABLE_STRICT_OBJC_MSGSEND = YES;
				GCC_C_LANGUAGE_STANDARD = gnu11;
				GCC_NO_COMMON_BLOCKS = YES;
				GCC_WARN_64_TO_32_BIT_CONVERSION = YES;
				GCC_WARN_ABOUT_RETURN_TYPE = YES_ERROR;
				GCC_WARN_UNDECLARED_SELECTOR = YES;
				GCC_WARN_UNINITIALIZED_AUTOS = YES_AGGRESSIVE;
				GCC_WARN_UNUSED_FUNCTION = YES;
				GCC_WARN_UNUSED_VARIABLE = YES;
				MACOSX_DEPLOYMENT_TARGET = 11.3;
				MTL_ENABLE_DEBUG_INFO = NO;
				MTL_FAST_MATH = YES;
				SDKROOT = macosx;
				SWIFT_COMPILATION_MODE = wholemodule;
				SWIFT_OPTIMIZATION_LEVEL = "-O";
			};
			name = Release;
		};
		A2AE1285263B2631000315B4 /* Debug */ = {
			isa = XCBuildConfiguration;
			buildSettings = {
				ASSETCATALOG_COMPILER_APPICON_NAME = AppIcon;
				ASSETCATALOG_COMPILER_GLOBAL_ACCENT_COLOR_NAME = AccentColor;
				CODE_SIGN_ENTITLEMENTS = TogglApp/TogglApp.entitlements;
				CODE_SIGN_STYLE = Automatic;
				COMBINE_HIDPI_IMAGES = YES;
				DEVELOPMENT_ASSET_PATHS = "\"TogglApp/Preview Content\"";
				DEVELOPMENT_TEAM = MN34RU7U4P;
				ENABLE_HARDENED_RUNTIME = YES;
				ENABLE_PREVIEWS = YES;
				INFOPLIST_FILE = TogglApp/Info.plist;
				LD_RUNPATH_SEARCH_PATHS = (
					"$(inherited)",
					"@executable_path/../Frameworks",
				);
				MACOSX_DEPLOYMENT_TARGET = 11.0;
				PRODUCT_BUNDLE_IDENTIFIER = Varlokk.TogglApp;
				PRODUCT_NAME = "$(TARGET_NAME)";
				SWIFT_VERSION = 5.0;
			};
			name = Debug;
		};
		A2AE1286263B2631000315B4 /* Release */ = {
			isa = XCBuildConfiguration;
			buildSettings = {
				ASSETCATALOG_COMPILER_APPICON_NAME = AppIcon;
				ASSETCATALOG_COMPILER_GLOBAL_ACCENT_COLOR_NAME = AccentColor;
				CODE_SIGN_ENTITLEMENTS = TogglApp/TogglApp.entitlements;
				CODE_SIGN_STYLE = Automatic;
				COMBINE_HIDPI_IMAGES = YES;
				DEVELOPMENT_ASSET_PATHS = "\"TogglApp/Preview Content\"";
				DEVELOPMENT_TEAM = MN34RU7U4P;
				ENABLE_HARDENED_RUNTIME = YES;
				ENABLE_PREVIEWS = YES;
				INFOPLIST_FILE = TogglApp/Info.plist;
				LD_RUNPATH_SEARCH_PATHS = (
					"$(inherited)",
					"@executable_path/../Frameworks",
				);
				MACOSX_DEPLOYMENT_TARGET = 11.0;
				PRODUCT_BUNDLE_IDENTIFIER = Varlokk.TogglApp;
				PRODUCT_NAME = "$(TARGET_NAME)";
				SWIFT_VERSION = 5.0;
			};
			name = Release;
		};
/* End XCBuildConfiguration section */

/* Begin XCConfigurationList section */
		A2AE126A263B262F000315B4 /* Build configuration list for PBXProject "TogglApp" */ = {
			isa = XCConfigurationList;
			buildConfigurations = (
				A2AE1282263B2631000315B4 /* Debug */,
				A2AE1283263B2631000315B4 /* Release */,
			);
			defaultConfigurationIsVisible = 0;
			defaultConfigurationName = Release;
		};
		A2AE1284263B2631000315B4 /* Build configuration list for PBXNativeTarget "TogglApp" */ = {
			isa = XCConfigurationList;
			buildConfigurations = (
				A2AE1285263B2631000315B4 /* Debug */,
				A2AE1286263B2631000315B4 /* Release */,
			);
			defaultConfigurationIsVisible = 0;
			defaultConfigurationName = Release;
		};
/* End XCConfigurationList section */

/* Begin XCVersionGroup section */
		A2AE127D263B2631000315B4 /* TogglApp.xcdatamodeld */ = {
			isa = XCVersionGroup;
			children = (
				A2AE127E263B2631000315B4 /* TogglApp.xcdatamodel */,
			);
			currentVersion = A2AE127E263B2631000315B4 /* TogglApp.xcdatamodel */;
			path = TogglApp.xcdatamodeld;
			sourceTree = "<group>";
			versionGroupType = wrapper.xcdatamodel;
		};
/* End XCVersionGroup section */
	};
	rootObject = A2AE1267263B262F000315B4 /* Project object */;
}
